
Microsoft Visual Studio Solution File, Format Version 12.00
# Visual Studio Version 17
VisualStudioVersion = 17.6.33829.357
MinimumVisualStudioVersion = 10.0.40219.1
Project("{9A19103F-16F7-4668-BE54-9A1E7A4F7556}") = "FirstApp", "FirstApp\FirstApp.csproj", "{2900D6BC-25A2-45FE-96E0-AD88CF86A81F}"
EndProject
Project("{2150E333-8FDC-42A3-9474-1A3956D46DE8}") = "Solution Items", "Solution Items", "{2A17F88C-5858-4953-8B98-78B2E1D4009F}"
	ProjectSection(SolutionItems) = preProject
		.gitignore = .gitignore
	EndProjectSection
EndProject
Global
	GlobalSection(SolutionConfigurationPlatforms) = preSolution
		Debug|Any CPU = Debug|Any CPU
		Release|Any CPU = Release|Any CPU
	EndGlobalSection
	GlobalSection(ProjectConfigurationPlatforms) = postSolution
		{2900D6BC-25A2-45FE-96E0-AD88CF86A81F}.Debug|Any CPU.ActiveCfg = Debug|Any CPU
		{2900D6BC-25A2-45FE-96E0-AD88CF86A81F}.Debug|Any CPU.Build.0 = Debug|Any CPU
		{2900D6BC-25A2-45FE-96E0-AD88CF86A81F}.Release|Any CPU.ActiveCfg = Release|Any CPU
		{2900D6BC-25A2-45FE-96E0-AD88CF86A81F}.Release|Any CPU.Build.0 = Release|Any CPU
	EndGlobalSection
	GlobalSection(SolutionProperties) = preSolution
		HideSolutionNode = FALSE
	EndGlobalSection
	GlobalSection(ExtensibilityGlobals) = postSolution
		SolutionGuid = {0A353744-5A41-4857-945F-DDF6812AF1EF}
	EndGlobalSection
EndGlobal
